
Microsoft Visual Studio Solution File, Format Version 12.00
# Visual Studio Version 17
VisualStudioVersion = 17.10.34928.147
MinimumVisualStudioVersion = 10.0.40219.1
Project("{FAE04EC0-301F-11D3-BF4B-00C04F79EFBC}") = "client v2", "client v2\client v2.csproj", "{49E98482-8B9B-49C7-94E4-DFA87E5711E6}"
EndProject
Global
	GlobalSection(SolutionConfigurationPlatforms) = preSolution
		Debug|Any CPU = Debug|Any CPU
		Release|Any CPU = Release|Any CPU
	EndGlobalSection
	GlobalSection(ProjectConfigurationPlatforms) = postSolution
		{49E98482-8B9B-49C7-94E4-DFA87E5711E6}.Debug|Any CPU.ActiveCfg = Debug|Any CPU
		{49E98482-8B9B-49C7-94E4-DFA87E5711E6}.Debug|Any CPU.Build.0 = Debug|Any CPU
		{49E98482-8B9B-49C7-94E4-DFA87E5711E6}.Release|Any CPU.ActiveCfg = Release|Any CPU
		{49E98482-8B9B-49C7-94E4-DFA87E5711E6}.Release|Any CPU.Build.0 = Release|Any CPU
	EndGlobalSection
	GlobalSection(SolutionProperties) = preSolution
		HideSolutionNode = FALSE
	EndGlobalSection
	GlobalSection(ExtensibilityGlobals) = postSolution
		SolutionGuid = {AA6E3C8A-BB6D-4B08-9990-CC92DAD3D593}
	EndGlobalSection
EndGlobal
